
Microsoft Visual Studio Solution File, Format Version 12.00
# Visual Studio Version 17
VisualStudioVersion = 17.3.32922.545
MinimumVisualStudioVersion = 10.0.40219.1
Project("{9A19103F-16F7-4668-BE54-9A1E7A4F7556}") = "Domain", "Domain\Domain.csproj", "{1B318EF4-806F-4482-B3E0-BF32659E6689}"
EndProject
Project("{9A19103F-16F7-4668-BE54-9A1E7A4F7556}") = "Persistence", "Persistence\Persistence.csproj", "{F4A52B8C-BD07-48B1-8CE9-0B169EC5F458}"
EndProject
Project("{9A19103F-16F7-4668-BE54-9A1E7A4F7556}") = "Application", "Application\Application.csproj", "{DA9CEB14-E883-4301-84D5-C8D3FB6F4F60}"
EndProject
Project("{9A19103F-16F7-4668-BE54-9A1E7A4F7556}") = "API", "API\API.csproj", "{4C076E79-56AC-4708-8564-8C4707C03704}"
EndProject
Project("{54A90642-561A-4BB1-A94E-469ADEE60C69}") = "client-app", "client-app\client-app.esproj", "{BC8EDA25-A025-4FAD-B223-705C1B47DCFF}"
EndProject
Global
	GlobalSection(SolutionConfigurationPlatforms) = preSolution
		Debug|Any CPU = Debug|Any CPU
		Release|Any CPU = Release|Any CPU
	EndGlobalSection
	GlobalSection(ProjectConfigurationPlatforms) = postSolution
		{1B318EF4-806F-4482-B3E0-BF32659E6689}.Debug|Any CPU.ActiveCfg = Debug|Any CPU
		{1B318EF4-806F-4482-B3E0-BF32659E6689}.Debug|Any CPU.Build.0 = Debug|Any CPU
		{1B318EF4-806F-4482-B3E0-BF32659E6689}.Release|Any CPU.ActiveCfg = Release|Any CPU
		{1B318EF4-806F-4482-B3E0-BF32659E6689}.Release|Any CPU.Build.0 = Release|Any CPU
		{F4A52B8C-BD07-48B1-8CE9-0B169EC5F458}.Debug|Any CPU.ActiveCfg = Debug|Any CPU
		{F4A52B8C-BD07-48B1-8CE9-0B169EC5F458}.Debug|Any CPU.Build.0 = Debug|Any CPU
		{F4A52B8C-BD07-48B1-8CE9-0B169EC5F458}.Release|Any CPU.ActiveCfg = Release|Any CPU
		{F4A52B8C-BD07-48B1-8CE9-0B169EC5F458}.Release|Any CPU.Build.0 = Release|Any CPU
		{DA9CEB14-E883-4301-84D5-C8D3FB6F4F60}.Debug|Any CPU.ActiveCfg = Debug|Any CPU
		{DA9CEB14-E883-4301-84D5-C8D3FB6F4F60}.Debug|Any CPU.Build.0 = Debug|Any CPU
		{DA9CEB14-E883-4301-84D5-C8D3FB6F4F60}.Release|Any CPU.ActiveCfg = Release|Any CPU
		{DA9CEB14-E883-4301-84D5-C8D3FB6F4F60}.Release|Any CPU.Build.0 = Release|Any CPU
		{4C076E79-56AC-4708-8564-8C4707C03704}.Debug|Any CPU.ActiveCfg = Debug|Any CPU
		{4C076E79-56AC-4708-8564-8C4707C03704}.Debug|Any CPU.Build.0 = Debug|Any CPU
		{4C076E79-56AC-4708-8564-8C4707C03704}.Release|Any CPU.ActiveCfg = Release|Any CPU
		{4C076E79-56AC-4708-8564-8C4707C03704}.Release|Any CPU.Build.0 = Release|Any CPU
		{BC8EDA25-A025-4FAD-B223-705C1B47DCFF}.Debug|Any CPU.ActiveCfg = Debug|Any CPU
		{BC8EDA25-A025-4FAD-B223-705C1B47DCFF}.Debug|Any CPU.Build.0 = Debug|Any CPU
		{BC8EDA25-A025-4FAD-B223-705C1B47DCFF}.Debug|Any CPU.Deploy.0 = Debug|Any CPU
		{BC8EDA25-A025-4FAD-B223-705C1B47DCFF}.Release|Any CPU.ActiveCfg = Release|Any CPU
		{BC8EDA25-A025-4FAD-B223-705C1B47DCFF}.Release|Any CPU.Build.0 = Release|Any CPU
		{BC8EDA25-A025-4FAD-B223-705C1B47DCFF}.Release|Any CPU.Deploy.0 = Release|Any CPU
	EndGlobalSection
	GlobalSection(SolutionProperties) = preSolution
		HideSolutionNode = FALSE
	EndGlobalSection
	GlobalSection(ExtensibilityGlobals) = postSolution
		SolutionGuid = {73603C4D-95D8-46B6-A824-62E3BF832698}
	EndGlobalSection
EndGlobal
